// !$*UTF8*$!
{
	archiveVersion = 1;
	classes = {
	};
	objectVersion = 55;
	objects = {

/* Begin PBXBuildFile section */
		7662E599288EBFC700DBC132 /* ImageTableViewCell.swift in Sources */ = {isa = PBXBuildFile; fileRef = 7662E598288EBFC700DBC132 /* ImageTableViewCell.swift */; };
		7662E59B288EF6FF00DBC132 /* ImageCollectionViewCell.swift in Sources */ = {isa = PBXBuildFile; fileRef = 7662E59A288EF6FF00DBC132 /* ImageCollectionViewCell.swift */; };
		7662E59D288FB20A00DBC132 /* MapTableViewCell.swift in Sources */ = {isa = PBXBuildFile; fileRef = 7662E59C288FB20A00DBC132 /* MapTableViewCell.swift */; };
		7662E59F28925D1C00DBC132 /* 仕様書.txt in Resources */ = {isa = PBXBuildFile; fileRef = 7662E59E28925D1C00DBC132 /* 仕様書.txt */; };
		76BC8C6328878EF4007A895B /* AppDelegate.swift in Sources */ = {isa = PBXBuildFile; fileRef = 76BC8C6228878EF4007A895B /* AppDelegate.swift */; };
		76BC8C6528878EF4007A895B /* SceneDelegate.swift in Sources */ = {isa = PBXBuildFile; fileRef = 76BC8C6428878EF4007A895B /* SceneDelegate.swift */; };
		76BC8C6728878EF4007A895B /* SearchViewController.swift in Sources */ = {isa = PBXBuildFile; fileRef = 76BC8C6628878EF4007A895B /* SearchViewController.swift */; };
		76BC8C6A28878EF4007A895B /* Main.storyboard in Resources */ = {isa = PBXBuildFile; fileRef = 76BC8C6828878EF4007A895B /* Main.storyboard */; };
		76BC8C6C28878EF5007A895B /* Assets.xcassets in Resources */ = {isa = PBXBuildFile; fileRef = 76BC8C6B28878EF5007A895B /* Assets.xcassets */; };
		76BC8C6F28878EF5007A895B /* LaunchScreen.storyboard in Resources */ = {isa = PBXBuildFile; fileRef = 76BC8C6D28878EF5007A895B /* LaunchScreen.storyboard */; };
		76BC8C7A28878EF5007A895B /* FenrirGourmetAppTests.swift in Sources */ = {isa = PBXBuildFile; fileRef = 76BC8C7928878EF5007A895B /* FenrirGourmetAppTests.swift */; };
		76BC8C8428878EF5007A895B /* FenrirGourmetAppUITests.swift in Sources */ = {isa = PBXBuildFile; fileRef = 76BC8C8328878EF5007A895B /* FenrirGourmetAppUITests.swift */; };
		76BC8C8628878EF5007A895B /* FenrirGourmetAppUITestsLaunchTests.swift in Sources */ = {isa = PBXBuildFile; fileRef = 76BC8C8528878EF5007A895B /* FenrirGourmetAppUITestsLaunchTests.swift */; };
		76BC8C9328879EB1007A895B /* SearchResultViewController.swift in Sources */ = {isa = PBXBuildFile; fileRef = 76BC8C9228879EB0007A895B /* SearchResultViewController.swift */; };
		76BC8C9528879FE7007A895B /* DetailViewController.swift in Sources */ = {isa = PBXBuildFile; fileRef = 76BC8C9428879FE7007A895B /* DetailViewController.swift */; };
		76BC8C9A2887B931007A895B /* LocationModel.swift in Sources */ = {isa = PBXBuildFile; fileRef = 76BC8C992887B931007A895B /* LocationModel.swift */; };
		76BC8C9D288BA16E007A895B /* API.swift in Sources */ = {isa = PBXBuildFile; fileRef = 76BC8C9C288BA16E007A895B /* API.swift */; };
		76BC8C9F288BB1A6007A895B /* Restaurant.swift in Sources */ = {isa = PBXBuildFile; fileRef = 76BC8C9E288BB1A6007A895B /* Restaurant.swift */; };
		833DC95CC391ED3A29A771DF /* Pods_FenrirGourmetAppTests.framework in Frameworks */ = {isa = PBXBuildFile; fileRef = 35F9E13340BA077D9FED07ED /* Pods_FenrirGourmetAppTests.framework */; };
		B4723C7423BBB64929D0DD0F /* Pods_FenrirGourmetApp.framework in Frameworks */ = {isa = PBXBuildFile; fileRef = F4B473121177E24045CD5B15 /* Pods_FenrirGourmetApp.framework */; };
		BCF9FB0C7A7D2531F729720B /* Pods_FenrirGourmetApp_FenrirGourmetAppUITests.framework in Frameworks */ = {isa = PBXBuildFile; fileRef = 9DD8ACEF9D8F44DAEE083A0F /* Pods_FenrirGourmetApp_FenrirGourmetAppUITests.framework */; };
/* End PBXBuildFile section */

/* Begin PBXContainerItemProxy section */
		76BC8C7628878EF5007A895B /* PBXContainerItemProxy */ = {
			isa = PBXContainerItemProxy;
			containerPortal = 76BC8C5728878EF4007A895B /* Project object */;
			proxyType = 1;
			remoteGlobalIDString = 76BC8C5E28878EF4007A895B;
			remoteInfo = FenrirGourmetApp;
		};
		76BC8C8028878EF5007A895B /* PBXContainerItemProxy */ = {
			isa = PBXContainerItemProxy;
			containerPortal = 76BC8C5728878EF4007A895B /* Project object */;
			proxyType = 1;
			remoteGlobalIDString = 76BC8C5E28878EF4007A895B;
			remoteInfo = FenrirGourmetApp;
		};
/* End PBXContainerItemProxy section */

/* Begin PBXFileReference section */
		02A93BC73DD8F89D68668E6C /* Pods-FenrirGourmetApp.release.xcconfig */ = {isa = PBXFileReference; includeInIndex = 1; lastKnownFileType = text.xcconfig; name = "Pods-FenrirGourmetApp.release.xcconfig"; path = "Target Support Files/Pods-FenrirGourmetApp/Pods-FenrirGourmetApp.release.xcconfig"; sourceTree = "<group>"; };
		27A0796FFBF47CA641B527E9 /* Pods-FenrirGourmetApp.debug.xcconfig */ = {isa = PBXFileReference; includeInIndex = 1; lastKnownFileType = text.xcconfig; name = "Pods-FenrirGourmetApp.debug.xcconfig"; path = "Target Support Files/Pods-FenrirGourmetApp/Pods-FenrirGourmetApp.debug.xcconfig"; sourceTree = "<group>"; };
		35F9E13340BA077D9FED07ED /* Pods_FenrirGourmetAppTests.framework */ = {isa = PBXFileReference; explicitFileType = wrapper.framework; includeInIndex = 0; path = Pods_FenrirGourmetAppTests.framework; sourceTree = BUILT_PRODUCTS_DIR; };
		421B3662D297B60045048275 /* Pods-FenrirGourmetApp-FenrirGourmetAppUITests.debug.xcconfig */ = {isa = PBXFileReference; includeInIndex = 1; lastKnownFileType = text.xcconfig; name = "Pods-FenrirGourmetApp-FenrirGourmetAppUITests.debug.xcconfig"; path = "Target Support Files/Pods-FenrirGourmetApp-FenrirGourmetAppUITests/Pods-FenrirGourmetApp-FenrirGourmetAppUITests.debug.xcconfig"; sourceTree = "<group>"; };
		7662E598288EBFC700DBC132 /* ImageTableViewCell.swift */ = {isa = PBXFileReference; lastKnownFileType = sourcecode.swift; path = ImageTableViewCell.swift; sourceTree = "<group>"; };
		7662E59A288EF6FF00DBC132 /* ImageCollectionViewCell.swift */ = {isa = PBXFileReference; lastKnownFileType = sourcecode.swift; path = ImageCollectionViewCell.swift; sourceTree = "<group>"; };
		7662E59C288FB20A00DBC132 /* MapTableViewCell.swift */ = {isa = PBXFileReference; lastKnownFileType = sourcecode.swift; path = MapTableViewCell.swift; sourceTree = "<group>"; };
		7662E59E28925D1C00DBC132 /* 仕様書.txt */ = {isa = PBXFileReference; lastKnownFileType = text; path = "仕様書.txt"; sourceTree = "<group>"; };
		76BC8C5F28878EF4007A895B /* FenrirGourmetApp.app */ = {isa = PBXFileReference; explicitFileType = wrapper.application; includeInIndex = 0; path = FenrirGourmetApp.app; sourceTree = BUILT_PRODUCTS_DIR; };
		76BC8C6228878EF4007A895B /* AppDelegate.swift */ = {isa = PBXFileReference; lastKnownFileType = sourcecode.swift; path = AppDelegate.swift; sourceTree = "<group>"; };
		76BC8C6428878EF4007A895B /* SceneDelegate.swift */ = {isa = PBXFileReference; lastKnownFileType = sourcecode.swift; path = SceneDelegate.swift; sourceTree = "<group>"; };
		76BC8C6628878EF4007A895B /* SearchViewController.swift */ = {isa = PBXFileReference; lastKnownFileType = sourcecode.swift; path = SearchViewController.swift; sourceTree = "<group>"; };
		76BC8C6928878EF4007A895B /* Base */ = {isa = PBXFileReference; lastKnownFileType = file.storyboard; name = Base; path = Base.lproj/Main.storyboard; sourceTree = "<group>"; };
		76BC8C6B28878EF5007A895B /* Assets.xcassets */ = {isa = PBXFileReference; lastKnownFileType = folder.assetcatalog; path = Assets.xcassets; sourceTree = "<group>"; };
		76BC8C6E28878EF5007A895B /* Base */ = {isa = PBXFileReference; lastKnownFileType = file.storyboard; name = Base; path = Base.lproj/LaunchScreen.storyboard; sourceTree = "<group>"; };
		76BC8C7028878EF5007A895B /* Info.plist */ = {isa = PBXFileReference; lastKnownFileType = text.plist.xml; path = Info.plist; sourceTree = "<group>"; };
		76BC8C7528878EF5007A895B /* FenrirGourmetAppTests.xctest */ = {isa = PBXFileReference; explicitFileType = wrapper.cfbundle; includeInIndex = 0; path = FenrirGourmetAppTests.xctest; sourceTree = BUILT_PRODUCTS_DIR; };
		76BC8C7928878EF5007A895B /* FenrirGourmetAppTests.swift */ = {isa = PBXFileReference; lastKnownFileType = sourcecode.swift; path = FenrirGourmetAppTests.swift; sourceTree = "<group>"; };
		76BC8C7F28878EF5007A895B /* FenrirGourmetAppUITests.xctest */ = {isa = PBXFileReference; explicitFileType = wrapper.cfbundle; includeInIndex = 0; path = FenrirGourmetAppUITests.xctest; sourceTree = BUILT_PRODUCTS_DIR; };
		76BC8C8328878EF5007A895B /* FenrirGourmetAppUITests.swift */ = {isa = PBXFileReference; lastKnownFileType = sourcecode.swift; path = FenrirGourmetAppUITests.swift; sourceTree = "<group>"; };
		76BC8C8528878EF5007A895B /* FenrirGourmetAppUITestsLaunchTests.swift */ = {isa = PBXFileReference; lastKnownFileType = sourcecode.swift; path = FenrirGourmetAppUITestsLaunchTests.swift; sourceTree = "<group>"; };
		76BC8C9228879EB0007A895B /* SearchResultViewController.swift */ = {isa = PBXFileReference; lastKnownFileType = sourcecode.swift; path = SearchResultViewController.swift; sourceTree = "<group>"; };
		76BC8C9428879FE7007A895B /* DetailViewController.swift */ = {isa = PBXFileReference; lastKnownFileType = sourcecode.swift; path = DetailViewController.swift; sourceTree = "<group>"; };
		76BC8C992887B931007A895B /* LocationModel.swift */ = {isa = PBXFileReference; lastKnownFileType = sourcecode.swift; path = LocationModel.swift; sourceTree = "<group>"; };
		76BC8C9C288BA16E007A895B /* API.swift */ = {isa = PBXFileReference; lastKnownFileType = sourcecode.swift; path = API.swift; sourceTree = "<group>"; };
		76BC8C9E288BB1A6007A895B /* Restaurant.swift */ = {isa = PBXFileReference; lastKnownFileType = sourcecode.swift; path = Restaurant.swift; sourceTree = "<group>"; };
		9DD8ACEF9D8F44DAEE083A0F /* Pods_FenrirGourmetApp_FenrirGourmetAppUITests.framework */ = {isa = PBXFileReference; explicitFileType = wrapper.framework; includeInIndex = 0; path = Pods_FenrirGourmetApp_FenrirGourmetAppUITests.framework; sourceTree = BUILT_PRODUCTS_DIR; };
		9FBBA92CCF001C672319ED0B /* Pods-FenrirGourmetAppTests.release.xcconfig */ = {isa = PBXFileReference; includeInIndex = 1; lastKnownFileType = text.xcconfig; name = "Pods-FenrirGourmetAppTests.release.xcconfig"; path = "Target Support Files/Pods-FenrirGourmetAppTests/Pods-FenrirGourmetAppTests.release.xcconfig"; sourceTree = "<group>"; };
		BEAA9A89B582AD698A18992F /* Pods-FenrirGourmetAppTests.debug.xcconfig */ = {isa = PBXFileReference; includeInIndex = 1; lastKnownFileType = text.xcconfig; name = "Pods-FenrirGourmetAppTests.debug.xcconfig"; path = "Target Support Files/Pods-FenrirGourmetAppTests/Pods-FenrirGourmetAppTests.debug.xcconfig"; sourceTree = "<group>"; };
		F4B473121177E24045CD5B15 /* Pods_FenrirGourmetApp.framework */ = {isa = PBXFileReference; explicitFileType = wrapper.framework; includeInIndex = 0; path = Pods_FenrirGourmetApp.framework; sourceTree = BUILT_PRODUCTS_DIR; };
		FCDDF0415102E6CED6974925 /* Pods-FenrirGourmetApp-FenrirGourmetAppUITests.release.xcconfig */ = {isa = PBXFileReference; includeInIndex = 1; lastKnownFileType = text.xcconfig; name = "Pods-FenrirGourmetApp-FenrirGourmetAppUITests.release.xcconfig"; path = "Target Support Files/Pods-FenrirGourmetApp-FenrirGourmetAppUITests/Pods-FenrirGourmetApp-FenrirGourmetAppUITests.release.xcconfig"; sourceTree = "<group>"; };
/* End PBXFileReference section */

/* Begin PBXFrameworksBuildPhase section */
		76BC8C5C28878EF4007A895B /* Frameworks */ = {
			isa = PBXFrameworksBuildPhase;
			buildActionMask = 2147483647;
			files = (
				B4723C7423BBB64929D0DD0F /* Pods_FenrirGourmetApp.framework in Frameworks */,
			);
			runOnlyForDeploymentPostprocessing = 0;
		};
		76BC8C7228878EF5007A895B /* Frameworks */ = {
			isa = PBXFrameworksBuildPhase;
			buildActionMask = 2147483647;
			files = (
				833DC95CC391ED3A29A771DF /* Pods_FenrirGourmetAppTests.framework in Frameworks */,
			);
			runOnlyForDeploymentPostprocessing = 0;
		};
		76BC8C7C28878EF5007A895B /* Frameworks */ = {
			isa = PBXFrameworksBuildPhase;
			buildActionMask = 2147483647;
			files = (
				BCF9FB0C7A7D2531F729720B /* Pods_FenrirGourmetApp_FenrirGourmetAppUITests.framework in Frameworks */,
			);
			runOnlyForDeploymentPostprocessing = 0;
		};
/* End PBXFrameworksBuildPhase section */

/* Begin PBXGroup section */
		42672AE5674CF43138EE4C85 /* Pods */ = {
			isa = PBXGroup;
			children = (
				27A0796FFBF47CA641B527E9 /* Pods-FenrirGourmetApp.debug.xcconfig */,
				02A93BC73DD8F89D68668E6C /* Pods-FenrirGourmetApp.release.xcconfig */,
				421B3662D297B60045048275 /* Pods-FenrirGourmetApp-FenrirGourmetAppUITests.debug.xcconfig */,
				FCDDF0415102E6CED6974925 /* Pods-FenrirGourmetApp-FenrirGourmetAppUITests.release.xcconfig */,
				BEAA9A89B582AD698A18992F /* Pods-FenrirGourmetAppTests.debug.xcconfig */,
				9FBBA92CCF001C672319ED0B /* Pods-FenrirGourmetAppTests.release.xcconfig */,
			);
			path = Pods;
			sourceTree = "<group>";
		};
		76BC8C5628878EF4007A895B = {
			isa = PBXGroup;
			children = (
				76BC8C6128878EF4007A895B /* FenrirGourmetApp */,
				76BC8C7828878EF5007A895B /* FenrirGourmetAppTests */,
				76BC8C8228878EF5007A895B /* FenrirGourmetAppUITests */,
				76BC8C6028878EF4007A895B /* Products */,
				42672AE5674CF43138EE4C85 /* Pods */,
				A70B2004F5875CB9AFFC427D /* Frameworks */,
			);
			sourceTree = "<group>";
		};
		76BC8C6028878EF4007A895B /* Products */ = {
			isa = PBXGroup;
			children = (
				76BC8C5F28878EF4007A895B /* FenrirGourmetApp.app */,
				76BC8C7528878EF5007A895B /* FenrirGourmetAppTests.xctest */,
				76BC8C7F28878EF5007A895B /* FenrirGourmetAppUITests.xctest */,
			);
			name = Products;
			sourceTree = "<group>";
		};
		76BC8C6128878EF4007A895B /* FenrirGourmetApp */ = {
			isa = PBXGroup;
			children = (
				76BC8C9B288BA143007A895B /* Manager */,
				76BC8C6228878EF4007A895B /* AppDelegate.swift */,
				76BC8C6428878EF4007A895B /* SceneDelegate.swift */,
				76BC8C982887B913007A895B /* Models */,
				76BC8C972887A40D007A895B /* View */,
				76BC8C962887A3F5007A895B /* Controllers */,
				76BC8C6B28878EF5007A895B /* Assets.xcassets */,
				76BC8C6D28878EF5007A895B /* LaunchScreen.storyboard */,
				76BC8C7028878EF5007A895B /* Info.plist */,
				7662E59E28925D1C00DBC132 /* 仕様書.txt */,
			);
			path = FenrirGourmetApp;
			sourceTree = "<group>";
		};
		76BC8C7828878EF5007A895B /* FenrirGourmetAppTests */ = {
			isa = PBXGroup;
			children = (
				76BC8C7928878EF5007A895B /* FenrirGourmetAppTests.swift */,
			);
			path = FenrirGourmetAppTests;
			sourceTree = "<group>";
		};
		76BC8C8228878EF5007A895B /* FenrirGourmetAppUITests */ = {
			isa = PBXGroup;
			children = (
				76BC8C8328878EF5007A895B /* FenrirGourmetAppUITests.swift */,
				76BC8C8528878EF5007A895B /* FenrirGourmetAppUITestsLaunchTests.swift */,
			);
			path = FenrirGourmetAppUITests;
			sourceTree = "<group>";
		};
		76BC8C962887A3F5007A895B /* Controllers */ = {
			isa = PBXGroup;
			children = (
				76BC8C6628878EF4007A895B /* SearchViewController.swift */,
				76BC8C9228879EB0007A895B /* SearchResultViewController.swift */,
				76BC8C9428879FE7007A895B /* DetailViewController.swift */,
			);
			path = Controllers;
			sourceTree = "<group>";
		};
		76BC8C972887A40D007A895B /* View */ = {
			isa = PBXGroup;
			children = (
				76BC8C6828878EF4007A895B /* Main.storyboard */,
				7662E598288EBFC700DBC132 /* ImageTableViewCell.swift */,
				7662E59A288EF6FF00DBC132 /* ImageCollectionViewCell.swift */,
				7662E59C288FB20A00DBC132 /* MapTableViewCell.swift */,
			);
			path = View;
			sourceTree = "<group>";
		};
		76BC8C982887B913007A895B /* Models */ = {
			isa = PBXGroup;
			children = (
				76BC8C992887B931007A895B /* LocationModel.swift */,
				76BC8C9E288BB1A6007A895B /* Restaurant.swift */,
			);
			path = Models;
			sourceTree = "<group>";
		};
		76BC8C9B288BA143007A895B /* Manager */ = {
			isa = PBXGroup;
			children = (
				76BC8C9C288BA16E007A895B /* API.swift */,
			);
			path = Manager;
			sourceTree = "<group>";
		};
		A70B2004F5875CB9AFFC427D /* Frameworks */ = {
			isa = PBXGroup;
			children = (
				F4B473121177E24045CD5B15 /* Pods_FenrirGourmetApp.framework */,
				9DD8ACEF9D8F44DAEE083A0F /* Pods_FenrirGourmetApp_FenrirGourmetAppUITests.framework */,
				35F9E13340BA077D9FED07ED /* Pods_FenrirGourmetAppTests.framework */,
			);
			name = Frameworks;
			sourceTree = "<group>";
		};
/* End PBXGroup section */

/* Begin PBXNativeTarget section */
		76BC8C5E28878EF4007A895B /* FenrirGourmetApp */ = {
			isa = PBXNativeTarget;
			buildConfigurationList = 76BC8C8928878EF5007A895B /* Build configuration list for PBXNativeTarget "FenrirGourmetApp" */;
			buildPhases = (
				5B75F3E37CEF814ACD822A00 /* [CP] Check Pods Manifest.lock */,
				76BC8C5B28878EF4007A895B /* Sources */,
				76BC8C5C28878EF4007A895B /* Frameworks */,
				76BC8C5D28878EF4007A895B /* Resources */,
				770C48ED7BF259FFB136989C /* [CP] Embed Pods Frameworks */,
			);
			buildRules = (
			);
			dependencies = (
			);
			name = FenrirGourmetApp;
			productName = FenrirGourmetApp;
			productReference = 76BC8C5F28878EF4007A895B /* FenrirGourmetApp.app */;
			productType = "com.apple.product-type.application";
		};
		76BC8C7428878EF5007A895B /* FenrirGourmetAppTests */ = {
			isa = PBXNativeTarget;
			buildConfigurationList = 76BC8C8C28878EF5007A895B /* Build configuration list for PBXNativeTarget "FenrirGourmetAppTests" */;
			buildPhases = (
				1FB065F26FE7F9AE4F1208B7 /* [CP] Check Pods Manifest.lock */,
				76BC8C7128878EF5007A895B /* Sources */,
				76BC8C7228878EF5007A895B /* Frameworks */,
				76BC8C7328878EF5007A895B /* Resources */,
			);
			buildRules = (
			);
			dependencies = (
				76BC8C7728878EF5007A895B /* PBXTargetDependency */,
			);
			name = FenrirGourmetAppTests;
			productName = FenrirGourmetAppTests;
			productReference = 76BC8C7528878EF5007A895B /* FenrirGourmetAppTests.xctest */;
			productType = "com.apple.product-type.bundle.unit-test";
		};
		76BC8C7E28878EF5007A895B /* FenrirGourmetAppUITests */ = {
			isa = PBXNativeTarget;
			buildConfigurationList = 76BC8C8F28878EF5007A895B /* Build configuration list for PBXNativeTarget "FenrirGourmetAppUITests" */;
			buildPhases = (
				E3ED3A46A39C3D276EC1FC56 /* [CP] Check Pods Manifest.lock */,
				76BC8C7B28878EF5007A895B /* Sources */,
				76BC8C7C28878EF5007A895B /* Frameworks */,
				76BC8C7D28878EF5007A895B /* Resources */,
				9661FB50494271C72719B9D3 /* [CP] Embed Pods Frameworks */,
			);
			buildRules = (
			);
			dependencies = (
				76BC8C8128878EF5007A895B /* PBXTargetDependency */,
			);
			name = FenrirGourmetAppUITests;
			productName = FenrirGourmetAppUITests;
			productReference = 76BC8C7F28878EF5007A895B /* FenrirGourmetAppUITests.xctest */;
			productType = "com.apple.product-type.bundle.ui-testing";
		};
/* End PBXNativeTarget section */

/* Begin PBXProject section */
		76BC8C5728878EF4007A895B /* Project object */ = {
			isa = PBXProject;
			attributes = {
				BuildIndependentTargetsInParallel = 1;
				LastSwiftUpdateCheck = 1340;
				LastUpgradeCheck = 1340;
				TargetAttributes = {
					76BC8C5E28878EF4007A895B = {
						CreatedOnToolsVersion = 13.4.1;
					};
					76BC8C7428878EF5007A895B = {
						CreatedOnToolsVersion = 13.4.1;
						TestTargetID = 76BC8C5E28878EF4007A895B;
					};
					76BC8C7E28878EF5007A895B = {
						CreatedOnToolsVersion = 13.4.1;
						TestTargetID = 76BC8C5E28878EF4007A895B;
					};
				};
			};
			buildConfigurationList = 76BC8C5A28878EF4007A895B /* Build configuration list for PBXProject "FenrirGourmetApp" */;
			compatibilityVersion = "Xcode 13.0";
			developmentRegion = en;
			hasScannedForEncodings = 0;
			knownRegions = (
				en,
				Base,
			);
			mainGroup = 76BC8C5628878EF4007A895B;
			productRefGroup = 76BC8C6028878EF4007A895B /* Products */;
			projectDirPath = "";
			projectRoot = "";
			targets = (
				76BC8C5E28878EF4007A895B /* FenrirGourmetApp */,
				76BC8C7428878EF5007A895B /* FenrirGourmetAppTests */,
				76BC8C7E28878EF5007A895B /* FenrirGourmetAppUITests */,
			);
		};
/* End PBXProject section */

/* Begin PBXResourcesBuildPhase section */
		76BC8C5D28878EF4007A895B /* Resources */ = {
			isa = PBXResourcesBuildPhase;
			buildActionMask = 2147483647;
			files = (
				76BC8C6F28878EF5007A895B /* LaunchScreen.storyboard in Resources */,
				76BC8C6C28878EF5007A895B /* Assets.xcassets in Resources */,
				7662E59F28925D1C00DBC132 /* 仕様書.txt in Resources */,
				76BC8C6A28878EF4007A895B /* Main.storyboard in Resources */,
			);
			runOnlyForDeploymentPostprocessing = 0;
		};
		76BC8C7328878EF5007A895B /* Resources */ = {
			isa = PBXResourcesBuildPhase;
			buildActionMask = 2147483647;
			files = (
			);
			runOnlyForDeploymentPostprocessing = 0;
		};
		76BC8C7D28878EF5007A895B /* Resources */ = {
			isa = PBXResourcesBuildPhase;
			buildActionMask = 2147483647;
			files = (
			);
			runOnlyForDeploymentPostprocessing = 0;
		};
/* End PBXResourcesBuildPhase section */

/* Begin PBXShellScriptBuildPhase section */
		1FB065F26FE7F9AE4F1208B7 /* [CP] Check Pods Manifest.lock */ = {
			isa = PBXShellScriptBuildPhase;
			buildActionMask = 2147483647;
			files = (
			);
			inputFileListPaths = (
			);
			inputPaths = (
				"${PODS_PODFILE_DIR_PATH}/Podfile.lock",
				"${PODS_ROOT}/Manifest.lock",
			);
			name = "[CP] Check Pods Manifest.lock";
			outputFileListPaths = (
			);
			outputPaths = (
				"$(DERIVED_FILE_DIR)/Pods-FenrirGourmetAppTests-checkManifestLockResult.txt",
			);
			runOnlyForDeploymentPostprocessing = 0;
			shellPath = /bin/sh;
			shellScript = "diff \"${PODS_PODFILE_DIR_PATH}/Podfile.lock\" \"${PODS_ROOT}/Manifest.lock\" > /dev/null\nif [ $? != 0 ] ; then\n    # print error to STDERR\n    echo \"error: The sandbox is not in sync with the Podfile.lock. Run 'pod install' or update your CocoaPods installation.\" >&2\n    exit 1\nfi\n# This output is used by Xcode 'outputs' to avoid re-running this script phase.\necho \"SUCCESS\" > \"${SCRIPT_OUTPUT_FILE_0}\"\n";
			showEnvVarsInLog = 0;
		};
		5B75F3E37CEF814ACD822A00 /* [CP] Check Pods Manifest.lock */ = {
			isa = PBXShellScriptBuildPhase;
			buildActionMask = 2147483647;
			files = (
			);
			inputFileListPaths = (
			);
			inputPaths = (
				"${PODS_PODFILE_DIR_PATH}/Podfile.lock",
				"${PODS_ROOT}/Manifest.lock",
			);
			name = "[CP] Check Pods Manifest.lock";
			outputFileListPaths = (
			);
			outputPaths = (
				"$(DERIVED_FILE_DIR)/Pods-FenrirGourmetApp-checkManifestLockResult.txt",
			);
			runOnlyForDeploymentPostprocessing = 0;
			shellPath = /bin/sh;
			shellScript = "diff \"${PODS_PODFILE_DIR_PATH}/Podfile.lock\" \"${PODS_ROOT}/Manifest.lock\" > /dev/null\nif [ $? != 0 ] ; then\n    # print error to STDERR\n    echo \"error: The sandbox is not in sync with the Podfile.lock. Run 'pod install' or update your CocoaPods installation.\" >&2\n    exit 1\nfi\n# This output is used by Xcode 'outputs' to avoid re-running this script phase.\necho \"SUCCESS\" > \"${SCRIPT_OUTPUT_FILE_0}\"\n";
			showEnvVarsInLog = 0;
		};
		770C48ED7BF259FFB136989C /* [CP] Embed Pods Frameworks */ = {
			isa = PBXShellScriptBuildPhase;
			buildActionMask = 2147483647;
			files = (
			);
			inputFileListPaths = (
				"${PODS_ROOT}/Target Support Files/Pods-FenrirGourmetApp/Pods-FenrirGourmetApp-frameworks-${CONFIGURATION}-input-files.xcfilelist",
			);
			name = "[CP] Embed Pods Frameworks";
			outputFileListPaths = (
				"${PODS_ROOT}/Target Support Files/Pods-FenrirGourmetApp/Pods-FenrirGourmetApp-frameworks-${CONFIGURATION}-output-files.xcfilelist",
			);
			runOnlyForDeploymentPostprocessing = 0;
			shellPath = /bin/sh;
			shellScript = "\"${PODS_ROOT}/Target Support Files/Pods-FenrirGourmetApp/Pods-FenrirGourmetApp-frameworks.sh\"\n";
			showEnvVarsInLog = 0;
		};
		9661FB50494271C72719B9D3 /* [CP] Embed Pods Frameworks */ = {
			isa = PBXShellScriptBuildPhase;
			buildActionMask = 2147483647;
			files = (
			);
			inputFileListPaths = (
				"${PODS_ROOT}/Target Support Files/Pods-FenrirGourmetApp-FenrirGourmetAppUITests/Pods-FenrirGourmetApp-FenrirGourmetAppUITests-frameworks-${CONFIGURATION}-input-files.xcfilelist",
			);
			name = "[CP] Embed Pods Frameworks";
			outputFileListPaths = (
				"${PODS_ROOT}/Target Support Files/Pods-FenrirGourmetApp-FenrirGourmetAppUITests/Pods-FenrirGourmetApp-FenrirGourmetAppUITests-frameworks-${CONFIGURATION}-output-files.xcfilelist",
			);
			runOnlyForDeploymentPostprocessing = 0;
			shellPath = /bin/sh;
			shellScript = "\"${PODS_ROOT}/Target Support Files/Pods-FenrirGourmetApp-FenrirGourmetAppUITests/Pods-FenrirGourmetApp-FenrirGourmetAppUITests-frameworks.sh\"\n";
			showEnvVarsInLog = 0;
		};
		E3ED3A46A39C3D276EC1FC56 /* [CP] Check Pods Manifest.lock */ = {
			isa = PBXShellScriptBuildPhase;
			buildActionMask = 2147483647;
			files = (
			);
			inputFileListPaths = (
			);
			inputPaths = (
				"${PODS_PODFILE_DIR_PATH}/Podfile.lock",
				"${PODS_ROOT}/Manifest.lock",
			);
			name = "[CP] Check Pods Manifest.lock";
			outputFileListPaths = (
			);
			outputPaths = (
				"$(DERIVED_FILE_DIR)/Pods-FenrirGourmetApp-FenrirGourmetAppUITests-checkManifestLockResult.txt",
			);
			runOnlyForDeploymentPostprocessing = 0;
			shellPath = /bin/sh;
			shellScript = "diff \"${PODS_PODFILE_DIR_PATH}/Podfile.lock\" \"${PODS_ROOT}/Manifest.lock\" > /dev/null\nif [ $? != 0 ] ; then\n    # print error to STDERR\n    echo \"error: The sandbox is not in sync with the Podfile.lock. Run 'pod install' or update your CocoaPods installation.\" >&2\n    exit 1\nfi\n# This output is used by Xcode 'outputs' to avoid re-running this script phase.\necho \"SUCCESS\" > \"${SCRIPT_OUTPUT_FILE_0}\"\n";
			showEnvVarsInLog = 0;
		};
/* End PBXShellScriptBuildPhase section */

/* Begin PBXSourcesBuildPhase section */
		76BC8C5B28878EF4007A895B /* Sources */ = {
			isa = PBXSourcesBuildPhase;
			buildActionMask = 2147483647;
			files = (
				7662E599288EBFC700DBC132 /* ImageTableViewCell.swift in Sources */,
				76BC8C9328879EB1007A895B /* SearchResultViewController.swift in Sources */,
				76BC8C6728878EF4007A895B /* SearchViewController.swift in Sources */,
				76BC8C9528879FE7007A895B /* DetailViewController.swift in Sources */,
				76BC8C6328878EF4007A895B /* AppDelegate.swift in Sources */,
				76BC8C9F288BB1A6007A895B /* Restaurant.swift in Sources */,
				7662E59D288FB20A00DBC132 /* MapTableViewCell.swift in Sources */,
				7662E59B288EF6FF00DBC132 /* ImageCollectionViewCell.swift in Sources */,
				76BC8C9A2887B931007A895B /* LocationModel.swift in Sources */,
				76BC8C6528878EF4007A895B /* SceneDelegate.swift in Sources */,
				76BC8C9D288BA16E007A895B /* API.swift in Sources */,
			);
			runOnlyForDeploymentPostprocessing = 0;
		};
		76BC8C7128878EF5007A895B /* Sources */ = {
			isa = PBXSourcesBuildPhase;
			buildActionMask = 2147483647;
			files = (
				76BC8C7A28878EF5007A895B /* FenrirGourmetAppTests.swift in Sources */,
			);
			runOnlyForDeploymentPostprocessing = 0;
		};
		76BC8C7B28878EF5007A895B /* Sources */ = {
			isa = PBXSourcesBuildPhase;
			buildActionMask = 2147483647;
			files = (
				76BC8C8628878EF5007A895B /* FenrirGourmetAppUITestsLaunchTests.swift in Sources */,
				76BC8C8428878EF5007A895B /* FenrirGourmetAppUITests.swift in Sources */,
			);
			runOnlyForDeploymentPostprocessing = 0;
		};
/* End PBXSourcesBuildPhase section */

/* Begin PBXTargetDependency section */
		76BC8C7728878EF5007A895B /* PBXTargetDependency */ = {
			isa = PBXTargetDependency;
			target = 76BC8C5E28878EF4007A895B /* FenrirGourmetApp */;
			targetProxy = 76BC8C7628878EF5007A895B /* PBXContainerItemProxy */;
		};
		76BC8C8128878EF5007A895B /* PBXTargetDependency */ = {
			isa = PBXTargetDependency;
			target = 76BC8C5E28878EF4007A895B /* FenrirGourmetApp */;
			targetProxy = 76BC8C8028878EF5007A895B /* PBXContainerItemProxy */;
		};
/* End PBXTargetDependency section */

/* Begin PBXVariantGroup section */
		76BC8C6828878EF4007A895B /* Main.storyboard */ = {
			isa = PBXVariantGroup;
			children = (
				76BC8C6928878EF4007A895B /* Base */,
			);
			name = Main.storyboard;
			sourceTree = "<group>";
		};
		76BC8C6D28878EF5007A895B /* LaunchScreen.storyboard */ = {
			isa = PBXVariantGroup;
			children = (
				76BC8C6E28878EF5007A895B /* Base */,
			);
			name = LaunchScreen.storyboard;
			sourceTree = "<group>";
		};
/* End PBXVariantGroup section */

/* Begin XCBuildConfiguration section */
		76BC8C8728878EF5007A895B /* Debug */ = {
			isa = XCBuildConfiguration;
			buildSettings = {
				ALWAYS_SEARCH_USER_PATHS = NO;
				CLANG_ANALYZER_NONNULL = YES;
				CLANG_ANALYZER_NUMBER_OBJECT_CONVERSION = YES_AGGRESSIVE;
				CLANG_CXX_LANGUAGE_STANDARD = "gnu++17";
				CLANG_ENABLE_MODULES = YES;
				CLANG_ENABLE_OBJC_ARC = YES;
				CLANG_ENABLE_OBJC_WEAK = YES;
				CLANG_WARN_BLOCK_CAPTURE_AUTORELEASING = YES;
				CLANG_WARN_BOOL_CONVERSION = YES;
				CLANG_WARN_COMMA = YES;
				CLANG_WARN_CONSTANT_CONVERSION = YES;
				CLANG_WARN_DEPRECATED_OBJC_IMPLEMENTATIONS = YES;
				CLANG_WARN_DIRECT_OBJC_ISA_USAGE = YES_ERROR;
				CLANG_WARN_DOCUMENTATION_COMMENTS = YES;
				CLANG_WARN_EMPTY_BODY = YES;
				CLANG_WARN_ENUM_CONVERSION = YES;
				CLANG_WARN_INFINITE_RECURSION = YES;
				CLANG_WARN_INT_CONVERSION = YES;
				CLANG_WARN_NON_LITERAL_NULL_CONVERSION = YES;
				CLANG_WARN_OBJC_IMPLICIT_RETAIN_SELF = YES;
				CLANG_WARN_OBJC_LITERAL_CONVERSION = YES;
				CLANG_WARN_OBJC_ROOT_CLASS = YES_ERROR;
				CLANG_WARN_QUOTED_INCLUDE_IN_FRAMEWORK_HEADER = YES;
				CLANG_WARN_RANGE_LOOP_ANALYSIS = YES;
				CLANG_WARN_STRICT_PROTOTYPES = YES;
				CLANG_WARN_SUSPICIOUS_MOVE = YES;
				CLANG_WARN_UNGUARDED_AVAILABILITY = YES_AGGRESSIVE;
				CLANG_WARN_UNREACHABLE_CODE = YES;
				CLANG_WARN__DUPLICATE_METHOD_MATCH = YES;
				COPY_PHASE_STRIP = NO;
				DEBUG_INFORMATION_FORMAT = dwarf;
				ENABLE_STRICT_OBJC_MSGSEND = YES;
				ENABLE_TESTABILITY = YES;
				GCC_C_LANGUAGE_STANDARD = gnu11;
				GCC_DYNAMIC_NO_PIC = NO;
				GCC_NO_COMMON_BLOCKS = YES;
				GCC_OPTIMIZATION_LEVEL = 0;
				GCC_PREPROCESSOR_DEFINITIONS = (
					"DEBUG=1",
					"$(inherited)",
				);
				GCC_WARN_64_TO_32_BIT_CONVERSION = YES;
				GCC_WARN_ABOUT_RETURN_TYPE = YES_ERROR;
				GCC_WARN_UNDECLARED_SELECTOR = YES;
				GCC_WARN_UNINITIALIZED_AUTOS = YES_AGGRESSIVE;
				GCC_WARN_UNUSED_FUNCTION = YES;
				GCC_WARN_UNUSED_VARIABLE = YES;
				IPHONEOS_DEPLOYMENT_TARGET = 15.5;
				MTL_ENABLE_DEBUG_INFO = INCLUDE_SOURCE;
				MTL_FAST_MATH = YES;
				ONLY_ACTIVE_ARCH = YES;
				SDKROOT = iphoneos;
				SWIFT_ACTIVE_COMPILATION_CONDITIONS = DEBUG;
				SWIFT_OPTIMIZATION_LEVEL = "-Onone";
			};
			name = Debug;
		};
		76BC8C8828878EF5007A895B /* Release */ = {
			isa = XCBuildConfiguration;
			buildSettings = {
				ALWAYS_SEARCH_USER_PATHS = NO;
				CLANG_ANALYZER_NONNULL = YES;
				CLANG_ANALYZER_NUMBER_OBJECT_CONVERSION = YES_AGGRESSIVE;
				CLANG_CXX_LANGUAGE_STANDARD = "gnu++17";
				CLANG_ENABLE_MODULES = YES;
				CLANG_ENABLE_OBJC_ARC = YES;
				CLANG_ENABLE_OBJC_WEAK = YES;
				CLANG_WARN_BLOCK_CAPTURE_AUTORELEASING = YES;
				CLANG_WARN_BOOL_CONVERSION = YES;
				CLANG_WARN_COMMA = YES;
				CLANG_WARN_CONSTANT_CONVERSION = YES;
				CLANG_WARN_DEPRECATED_OBJC_IMPLEMENTATIONS = YES;
				CLANG_WARN_DIRECT_OBJC_ISA_USAGE = YES_ERROR;
				CLANG_WARN_DOCUMENTATION_COMMENTS = YES;
				CLANG_WARN_EMPTY_BODY = YES;
				CLANG_WARN_ENUM_CONVERSION = YES;
				CLANG_WARN_INFINITE_RECURSION = YES;
				CLANG_WARN_INT_CONVERSION = YES;
				CLANG_WARN_NON_LITERAL_NULL_CONVERSION = YES;
				CLANG_WARN_OBJC_IMPLICIT_RETAIN_SELF = YES;
				CLANG_WARN_OBJC_LITERAL_CONVERSION = YES;
				CLANG_WARN_OBJC_ROOT_CLASS = YES_ERROR;
				CLANG_WARN_QUOTED_INCLUDE_IN_FRAMEWORK_HEADER = YES;
				CLANG_WARN_RANGE_LOOP_ANALYSIS = YES;
				CLANG_WARN_STRICT_PROTOTYPES = YES;
				CLANG_WARN_SUSPICIOUS_MOVE = YES;
				CLANG_WARN_UNGUARDED_AVAILABILITY = YES_AGGRESSIVE;
				CLANG_WARN_UNREACHABLE_CODE = YES;
				CLANG_WARN__DUPLICATE_METHOD_MATCH = YES;
				COPY_PHASE_STRIP = NO;
				DEBUG_INFORMATION_FORMAT = "dwarf-with-dsym";
				ENABLE_NS_ASSERTIONS = NO;
				ENABLE_STRICT_OBJC_MSGSEND = YES;
				GCC_C_LANGUAGE_STANDARD = gnu11;
				GCC_NO_COMMON_BLOCKS = YES;
				GCC_WARN_64_TO_32_BIT_CONVERSION = YES;
				GCC_WARN_ABOUT_RETURN_TYPE = YES_ERROR;
				GCC_WARN_UNDECLARED_SELECTOR = YES;
				GCC_WARN_UNINITIALIZED_AUTOS = YES_AGGRESSIVE;
				GCC_WARN_UNUSED_FUNCTION = YES;
				GCC_WARN_UNUSED_VARIABLE = YES;
				IPHONEOS_DEPLOYMENT_TARGET = 15.5;
				MTL_ENABLE_DEBUG_INFO = NO;
				MTL_FAST_MATH = YES;
				SDKROOT = iphoneos;
				SWIFT_COMPILATION_MODE = wholemodule;
				SWIFT_OPTIMIZATION_LEVEL = "-O";
				VALIDATE_PRODUCT = YES;
			};
			name = Release;
		};
		76BC8C8A28878EF5007A895B /* Debug */ = {
			isa = XCBuildConfiguration;
			baseConfigurationReference = 27A0796FFBF47CA641B527E9 /* Pods-FenrirGourmetApp.debug.xcconfig */;
			buildSettings = {
				ASSETCATALOG_COMPILER_APPICON_NAME = AppIcon;
				ASSETCATALOG_COMPILER_GLOBAL_ACCENT_COLOR_NAME = AccentColor;
				CODE_SIGN_STYLE = Automatic;
				CURRENT_PROJECT_VERSION = 1;
				DEVELOPMENT_TEAM = 48WF4HC6TB;
				GENERATE_INFOPLIST_FILE = YES;
				INFOPLIST_FILE = FenrirGourmetApp/Info.plist;
				INFOPLIST_KEY_UIApplicationSupportsIndirectInputEvents = YES;
				INFOPLIST_KEY_UILaunchStoryboardName = LaunchScreen;
				INFOPLIST_KEY_UIMainStoryboardFile = Main;
				INFOPLIST_KEY_UISupportedInterfaceOrientations_iPad = "UIInterfaceOrientationPortrait UIInterfaceOrientationPortraitUpsideDown UIInterfaceOrientationLandscapeLeft UIInterfaceOrientationLandscapeRight";
				INFOPLIST_KEY_UISupportedInterfaceOrientations_iPhone = "UIInterfaceOrientationPortrait UIInterfaceOrientationLandscapeLeft UIInterfaceOrientationLandscapeRight";
				LD_RUNPATH_SEARCH_PATHS = (
					"$(inherited)",
					"@executable_path/Frameworks",
				);
				MARKETING_VERSION = 1.0;
				PRODUCT_BUNDLE_IDENTIFIER = test.FenrirGourmetApp;
				PRODUCT_NAME = "$(TARGET_NAME)";
				SWIFT_EMIT_LOC_STRINGS = YES;
				SWIFT_VERSION = 5.0;
				TARGETED_DEVICE_FAMILY = 1;
			};
			name = Debug;
		};
		76BC8C8B28878EF5007A895B /* Release */ = {
			isa = XCBuildConfiguration;
			baseConfigurationReference = 02A93BC73DD8F89D68668E6C /* Pods-FenrirGourmetApp.release.xcconfig */;
			buildSettings = {
				ASSETCATALOG_COMPILER_APPICON_NAME = AppIcon;
				ASSETCATALOG_COMPILER_GLOBAL_ACCENT_COLOR_NAME = AccentColor;
				CODE_SIGN_STYLE = Automatic;
				CURRENT_PROJECT_VERSION = 1;
				DEVELOPMENT_TEAM = 48WF4HC6TB;
				GENERATE_INFOPLIST_FILE = YES;
				INFOPLIST_FILE = FenrirGourmetApp/Info.plist;
				INFOPLIST_KEY_UIApplicationSupportsIndirectInputEvents = YES;
				INFOPLIST_KEY_UILaunchStoryboardName = LaunchScreen;
				INFOPLIST_KEY_UIMainStoryboardFile = Main;
				INFOPLIST_KEY_UISupportedInterfaceOrientations_iPad = "UIInterfaceOrientationPortrait UIInterfaceOrientationPortraitUpsideDown UIInterfaceOrientationLandscapeLeft UIInterfaceOrientationLandscapeRight";
				INFOPLIST_KEY_UISupportedInterfaceOrientations_iPhone = "UIInterfaceOrientationPortrait UIInterfaceOrientationLandscapeLeft UIInterfaceOrientationLandscapeRight";
				LD_RUNPATH_SEARCH_PATHS = (
					"$(inherited)",
					"@executable_path/Frameworks",
				);
				MARKETING_VERSION = 1.0;
				PRODUCT_BUNDLE_IDENTIFIER = test.FenrirGourmetApp;
				PRODUCT_NAME = "$(TARGET_NAME)";
				SWIFT_EMIT_LOC_STRINGS = YES;
				SWIFT_VERSION = 5.0;
				TARGETED_DEVICE_FAMILY = 1;
			};
			name = Release;
		};
		76BC8C8D28878EF5007A895B /* Debug */ = {
			isa = XCBuildConfiguration;
			baseConfigurationReference = BEAA9A89B582AD698A18992F /* Pods-FenrirGourmetAppTests.debug.xcconfig */;
			buildSettings = {
				ALWAYS_EMBED_SWIFT_STANDARD_LIBRARIES = YES;
				BUNDLE_LOADER = "$(TEST_HOST)";
				CODE_SIGN_STYLE = Automatic;
				CURRENT_PROJECT_VERSION = 1;
				DEVELOPMENT_TEAM = 48WF4HC6TB;
				GENERATE_INFOPLIST_FILE = YES;
				IPHONEOS_DEPLOYMENT_TARGET = 15.5;
				MARKETING_VERSION = 1.0;
				PRODUCT_BUNDLE_IDENTIFIER = test.FenrirGourmetAppTests;
				PRODUCT_NAME = "$(TARGET_NAME)";
				SWIFT_EMIT_LOC_STRINGS = NO;
				SWIFT_VERSION = 5.0;
				TARGETED_DEVICE_FAMILY = "1,2";
				TEST_HOST = "$(BUILT_PRODUCTS_DIR)/FenrirGourmetApp.app/FenrirGourmetApp";
			};
			name = Debug;
		};
		76BC8C8E28878EF5007A895B /* Release */ = {
			isa = XCBuildConfiguration;
			baseConfigurationReference = 9FBBA92CCF001C672319ED0B /* Pods-FenrirGourmetAppTests.release.xcconfig */;
			buildSettings = {
				ALWAYS_EMBED_SWIFT_STANDARD_LIBRARIES = YES;
				BUNDLE_LOADER = "$(TEST_HOST)";
				CODE_SIGN_STYLE = Automatic;
				CURRENT_PROJECT_VERSION = 1;
				DEVELOPMENT_TEAM = 48WF4HC6TB;
				GENERATE_INFOPLIST_FILE = YES;
				IPHONEOS_DEPLOYMENT_TARGET = 15.5;
				MARKETING_VERSION = 1.0;
				PRODUCT_BUNDLE_IDENTIFIER = test.FenrirGourmetAppTests;
				PRODUCT_NAME = "$(TARGET_NAME)";
				SWIFT_EMIT_LOC_STRINGS = NO;
				SWIFT_VERSION = 5.0;
				TARGETED_DEVICE_FAMILY = "1,2";
				TEST_HOST = "$(BUILT_PRODUCTS_DIR)/FenrirGourmetApp.app/FenrirGourmetApp";
			};
			name = Release;
		};
		76BC8C9028878EF5007A895B /* Debug */ = {
			isa = XCBuildConfiguration;
			baseConfigurationReference = 421B3662D297B60045048275 /* Pods-FenrirGourmetApp-FenrirGourmetAppUITests.debug.xcconfig */;
			buildSettings = {
				ALWAYS_EMBED_SWIFT_STANDARD_LIBRARIES = YES;
				CODE_SIGN_STYLE = Automatic;
				CURRENT_PROJECT_VERSION = 1;
				DEVELOPMENT_TEAM = 48WF4HC6TB;
				GENERATE_INFOPLIST_FILE = YES;
				MARKETING_VERSION = 1.0;
				PRODUCT_BUNDLE_IDENTIFIER = test.FenrirGourmetAppUITests;
				PRODUCT_NAME = "$(TARGET_NAME)";
				SWIFT_EMIT_LOC_STRINGS = NO;
				SWIFT_VERSION = 5.0;
				TARGETED_DEVICE_FAMILY = "1,2";
				TEST_TARGET_NAME = FenrirGourmetApp;
			};
			name = Debug;
		};
		76BC8C9128878EF5007A895B /* Release */ = {
			isa = XCBuildConfiguration;
			baseConfigurationReference = FCDDF0415102E6CED6974925 /* Pods-FenrirGourmetApp-FenrirGourmetAppUITests.release.xcconfig */;
			buildSettings = {
				ALWAYS_EMBED_SWIFT_STANDARD_LIBRARIES = YES;
				CODE_SIGN_STYLE = Automatic;
				CURRENT_PROJECT_VERSION = 1;
				DEVELOPMENT_TEAM = 48WF4HC6TB;
				GENERATE_INFOPLIST_FILE = YES;
				MARKETING_VERSION = 1.0;
				PRODUCT_BUNDLE_IDENTIFIER = test.FenrirGourmetAppUITests;
				PRODUCT_NAME = "$(TARGET_NAME)";
				SWIFT_EMIT_LOC_STRINGS = NO;
				SWIFT_VERSION = 5.0;
				TARGETED_DEVICE_FAMILY = "1,2";
				TEST_TARGET_NAME = FenrirGourmetApp;
			};
			name = Release;
		};
/* End XCBuildConfiguration section */

/* Begin XCConfigurationList section */
		76BC8C5A28878EF4007A895B /* Build configuration list for PBXProject "FenrirGourmetApp" */ = {
			isa = XCConfigurationList;
			buildConfigurations = (
				76BC8C8728878EF5007A895B /* Debug */,
				76BC8C8828878EF5007A895B /* Release */,
			);
			defaultConfigurationIsVisible = 0;
			defaultConfigurationName = Release;
		};
		76BC8C8928878EF5007A895B /* Build configuration list for PBXNativeTarget "FenrirGourmetApp" */ = {
			isa = XCConfigurationList;
			buildConfigurations = (
				76BC8C8A28878EF5007A895B /* Debug */,
				76BC8C8B28878EF5007A895B /* Release */,
			);
			defaultConfigurationIsVisible = 0;
			defaultConfigurationName = Release;
		};
		76BC8C8C28878EF5007A895B /* Build configuration list for PBXNativeTarget "FenrirGourmetAppTests" */ = {
			isa = XCConfigurationList;
			buildConfigurations = (
				76BC8C8D28878EF5007A895B /* Debug */,
				76BC8C8E28878EF5007A895B /* Release */,
			);
			defaultConfigurationIsVisible = 0;
			defaultConfigurationName = Release;
		};
		76BC8C8F28878EF5007A895B /* Build configuration list for PBXNativeTarget "FenrirGourmetAppUITests" */ = {
			isa = XCConfigurationList;
			buildConfigurations = (
				76BC8C9028878EF5007A895B /* Debug */,
				76BC8C9128878EF5007A895B /* Release */,
			);
			defaultConfigurationIsVisible = 0;
			defaultConfigurationName = Release;
		};
/* End XCConfigurationList section */
	};
	rootObject = 76BC8C5728878EF4007A895B /* Project object */;
}
